// !$*UTF8*$!
{
	archiveVersion = 1;
	classes = {
	};
	objectVersion = 55;
	objects = {

/* Begin PBXBuildFile section */
		1126FBF8709B07154936473C /* Pods_ContactListPicpay.framework in Frameworks */ = {isa = PBXBuildFile; fileRef = 7B8C9F28CA31A32A0C5D456B /* Pods_ContactListPicpay.framework */; };
		137F8CE528D4F225003A5AA0 /* ContactsModel.swift in Sources */ = {isa = PBXBuildFile; fileRef = 137F8CE428D4F225003A5AA0 /* ContactsModel.swift */; };
		13906E9A28E4892100C853BE /* DetailTableViewCell.swift in Sources */ = {isa = PBXBuildFile; fileRef = 13906E9928E4892100C853BE /* DetailTableViewCell.swift */; };
		13906E9F28E771E600C853BE /* ContactsInformationModel.swift in Sources */ = {isa = PBXBuildFile; fileRef = 13906E9E28E771E600C853BE /* ContactsInformationModel.swift */; };
		13906EA328EC705300C853BE /* DetailService.swift in Sources */ = {isa = PBXBuildFile; fileRef = 13906EA228EC705300C853BE /* DetailService.swift */; };
		13906EAA28F5A5F000C853BE /* UIImageView+Extension.swift in Sources */ = {isa = PBXBuildFile; fileRef = 13906EA928F5A5F000C853BE /* UIImageView+Extension.swift */; };
		13906EAE2901888600C853BE /* AddContactsViewController.swift in Sources */ = {isa = PBXBuildFile; fileRef = 13906EAD2901888600C853BE /* AddContactsViewController.swift */; };
		13906EB3291147B700C853BE /* AddContactsService.swift in Sources */ = {isa = PBXBuildFile; fileRef = 13906EB2291147B700C853BE /* AddContactsService.swift */; };
		1397FE3128DA344C002C6268 /* DetailScreenViewController.swift in Sources */ = {isa = PBXBuildFile; fileRef = 1397FE3028DA344C002C6268 /* DetailScreenViewController.swift */; };
		13CEBAD728B7E61A008C0FEE /* ContactService.swift in Sources */ = {isa = PBXBuildFile; fileRef = 13CEBAD628B7E61A008C0FEE /* ContactService.swift */; };
		13F7265D28A18EA900F71262 /* ContactListViewController.swift in Sources */ = {isa = PBXBuildFile; fileRef = 13F7265C28A18EA900F71262 /* ContactListViewController.swift */; };
		13F7265F28A2DE9200F71262 /* ContactCell.swift in Sources */ = {isa = PBXBuildFile; fileRef = 13F7265E28A2DE9200F71262 /* ContactCell.swift */; };
		13FA81D82874D45D00E77A25 /* ContactListPicpayTests.swift in Sources */ = {isa = PBXBuildFile; fileRef = 13FA81D72874D45D00E77A25 /* ContactListPicpayTests.swift */; };
		13FA81E22874D45D00E77A25 /* ContactListPicpayUITests.swift in Sources */ = {isa = PBXBuildFile; fileRef = 13FA81E12874D45D00E77A25 /* ContactListPicpayUITests.swift */; };
		13FA81E42874D45D00E77A25 /* ContactListPicpayUITestsLaunchTests.swift in Sources */ = {isa = PBXBuildFile; fileRef = 13FA81E32874D45D00E77A25 /* ContactListPicpayUITestsLaunchTests.swift */; };
		2EAB98F6289AF7F700B31E7B /* Assets.xcassets in Resources */ = {isa = PBXBuildFile; fileRef = 2EAB98F5289AF7F700B31E7B /* Assets.xcassets */; };
		2EAB98FC289AF80400B31E7B /* LaunchScreen.storyboard in Resources */ = {isa = PBXBuildFile; fileRef = 2EAB98F8289AF80400B31E7B /* LaunchScreen.storyboard */; };
		2EAB98FD289AF80400B31E7B /* AppDelegate.swift in Sources */ = {isa = PBXBuildFile; fileRef = 2EAB98FA289AF80400B31E7B /* AppDelegate.swift */; };
		2EAB98FE289AF80400B31E7B /* SceneDelegate.swift in Sources */ = {isa = PBXBuildFile; fileRef = 2EAB98FB289AF80400B31E7B /* SceneDelegate.swift */; };
		2EAB990C289AF82300B31E7B /* LoadingViewContoller.swift in Sources */ = {isa = PBXBuildFile; fileRef = 2EAB9906289AF82300B31E7B /* LoadingViewContoller.swift */; };
		2EAB990D289AF82300B31E7B /* ErrorViewController.swift in Sources */ = {isa = PBXBuildFile; fileRef = 2EAB9908289AF82300B31E7B /* ErrorViewController.swift */; };
		4E0478D82DE7172C1A4F3244 /* Pods_ContactListPicpayTests.framework in Frameworks */ = {isa = PBXBuildFile; fileRef = A56A629219AAFE6F0A36660F /* Pods_ContactListPicpayTests.framework */; };
		A7B360348FA9E0B6CB3974F1 /* Pods_ContactListPicpay_ContactListPicpayUITests.framework in Frameworks */ = {isa = PBXBuildFile; fileRef = 8D355B2C0EB4689AA409752B /* Pods_ContactListPicpay_ContactListPicpayUITests.framework */; };
/* End PBXBuildFile section */

/* Begin PBXContainerItemProxy section */
		13FA81D42874D45D00E77A25 /* PBXContainerItemProxy */ = {
			isa = PBXContainerItemProxy;
			containerPortal = 13FA81B52874D45800E77A25 /* Project object */;
			proxyType = 1;
			remoteGlobalIDString = 13FA81BC2874D45800E77A25;
			remoteInfo = ContactListPicpay;
		};
		13FA81DE2874D45D00E77A25 /* PBXContainerItemProxy */ = {
			isa = PBXContainerItemProxy;
			containerPortal = 13FA81B52874D45800E77A25 /* Project object */;
			proxyType = 1;
			remoteGlobalIDString = 13FA81BC2874D45800E77A25;
			remoteInfo = ContactListPicpay;
		};
/* End PBXContainerItemProxy section */

/* Begin PBXFileReference section */
		137F8CE428D4F225003A5AA0 /* ContactsModel.swift */ = {isa = PBXFileReference; lastKnownFileType = sourcecode.swift; path = ContactsModel.swift; sourceTree = "<group>"; };
		13906E9928E4892100C853BE /* DetailTableViewCell.swift */ = {isa = PBXFileReference; lastKnownFileType = sourcecode.swift; path = DetailTableViewCell.swift; sourceTree = "<group>"; };
		13906E9E28E771E600C853BE /* ContactsInformationModel.swift */ = {isa = PBXFileReference; lastKnownFileType = sourcecode.swift; path = ContactsInformationModel.swift; sourceTree = "<group>"; };
		13906EA228EC705300C853BE /* DetailService.swift */ = {isa = PBXFileReference; lastKnownFileType = sourcecode.swift; path = DetailService.swift; sourceTree = "<group>"; };
		13906EA928F5A5F000C853BE /* UIImageView+Extension.swift */ = {isa = PBXFileReference; lastKnownFileType = sourcecode.swift; path = "UIImageView+Extension.swift"; sourceTree = "<group>"; };
		13906EAD2901888600C853BE /* AddContactsViewController.swift */ = {isa = PBXFileReference; lastKnownFileType = sourcecode.swift; path = AddContactsViewController.swift; sourceTree = "<group>"; };
		13906EB2291147B700C853BE /* AddContactsService.swift */ = {isa = PBXFileReference; lastKnownFileType = sourcecode.swift; path = AddContactsService.swift; sourceTree = "<group>"; };
		1397FE3028DA344C002C6268 /* DetailScreenViewController.swift */ = {isa = PBXFileReference; lastKnownFileType = sourcecode.swift; path = DetailScreenViewController.swift; sourceTree = "<group>"; };
		13CEBAD628B7E61A008C0FEE /* ContactService.swift */ = {isa = PBXFileReference; lastKnownFileType = sourcecode.swift; path = ContactService.swift; sourceTree = "<group>"; };
		13F7265C28A18EA900F71262 /* ContactListViewController.swift */ = {isa = PBXFileReference; lastKnownFileType = sourcecode.swift; path = ContactListViewController.swift; sourceTree = "<group>"; };
		13F7265E28A2DE9200F71262 /* ContactCell.swift */ = {isa = PBXFileReference; lastKnownFileType = sourcecode.swift; path = ContactCell.swift; sourceTree = "<group>"; };
		13FA81BD2874D45800E77A25 /* ContactListPicpay.app */ = {isa = PBXFileReference; explicitFileType = wrapper.application; includeInIndex = 0; path = ContactListPicpay.app; sourceTree = BUILT_PRODUCTS_DIR; };
		13FA81CE2874D45D00E77A25 /* Info.plist */ = {isa = PBXFileReference; lastKnownFileType = text.plist.xml; path = Info.plist; sourceTree = "<group>"; };
		13FA81D32874D45D00E77A25 /* ContactListPicpayTests.xctest */ = {isa = PBXFileReference; explicitFileType = wrapper.cfbundle; includeInIndex = 0; path = ContactListPicpayTests.xctest; sourceTree = BUILT_PRODUCTS_DIR; };
		13FA81D72874D45D00E77A25 /* ContactListPicpayTests.swift */ = {isa = PBXFileReference; lastKnownFileType = sourcecode.swift; path = ContactListPicpayTests.swift; sourceTree = "<group>"; };
		13FA81DD2874D45D00E77A25 /* ContactListPicpayUITests.xctest */ = {isa = PBXFileReference; explicitFileType = wrapper.cfbundle; includeInIndex = 0; path = ContactListPicpayUITests.xctest; sourceTree = BUILT_PRODUCTS_DIR; };
		13FA81E12874D45D00E77A25 /* ContactListPicpayUITests.swift */ = {isa = PBXFileReference; lastKnownFileType = sourcecode.swift; path = ContactListPicpayUITests.swift; sourceTree = "<group>"; };
		13FA81E32874D45D00E77A25 /* ContactListPicpayUITestsLaunchTests.swift */ = {isa = PBXFileReference; lastKnownFileType = sourcecode.swift; path = ContactListPicpayUITestsLaunchTests.swift; sourceTree = "<group>"; };
		154DF545B06A6F298FA4B36D /* Pods-ContactListPicpayTests.release.xcconfig */ = {isa = PBXFileReference; includeInIndex = 1; lastKnownFileType = text.xcconfig; name = "Pods-ContactListPicpayTests.release.xcconfig"; path = "Target Support Files/Pods-ContactListPicpayTests/Pods-ContactListPicpayTests.release.xcconfig"; sourceTree = "<group>"; };
		2EAB98F5289AF7F700B31E7B /* Assets.xcassets */ = {isa = PBXFileReference; lastKnownFileType = folder.assetcatalog; path = Assets.xcassets; sourceTree = "<group>"; };
		2EAB98F9289AF80400B31E7B /* Base */ = {isa = PBXFileReference; lastKnownFileType = file.storyboard; name = Base; path = Base.lproj/LaunchScreen.storyboard; sourceTree = "<group>"; };
		2EAB98FA289AF80400B31E7B /* AppDelegate.swift */ = {isa = PBXFileReference; fileEncoding = 4; lastKnownFileType = sourcecode.swift; path = AppDelegate.swift; sourceTree = "<group>"; };
		2EAB98FB289AF80400B31E7B /* SceneDelegate.swift */ = {isa = PBXFileReference; fileEncoding = 4; lastKnownFileType = sourcecode.swift; path = SceneDelegate.swift; sourceTree = "<group>"; };
		2EAB9906289AF82300B31E7B /* LoadingViewContoller.swift */ = {isa = PBXFileReference; fileEncoding = 4; lastKnownFileType = sourcecode.swift; path = LoadingViewContoller.swift; sourceTree = "<group>"; };
		2EAB9908289AF82300B31E7B /* ErrorViewController.swift */ = {isa = PBXFileReference; fileEncoding = 4; lastKnownFileType = sourcecode.swift; path = ErrorViewController.swift; sourceTree = "<group>"; };
		762530C3899CAC73AD5D40EF /* Pods-ContactListPicpay-ContactListPicpayUITests.debug.xcconfig */ = {isa = PBXFileReference; includeInIndex = 1; lastKnownFileType = text.xcconfig; name = "Pods-ContactListPicpay-ContactListPicpayUITests.debug.xcconfig"; path = "Target Support Files/Pods-ContactListPicpay-ContactListPicpayUITests/Pods-ContactListPicpay-ContactListPicpayUITests.debug.xcconfig"; sourceTree = "<group>"; };
		7B8C9F28CA31A32A0C5D456B /* Pods_ContactListPicpay.framework */ = {isa = PBXFileReference; explicitFileType = wrapper.framework; includeInIndex = 0; path = Pods_ContactListPicpay.framework; sourceTree = BUILT_PRODUCTS_DIR; };
		832E5A3D8B3130E791FEFA36 /* Pods-ContactListPicpayTests.debug.xcconfig */ = {isa = PBXFileReference; includeInIndex = 1; lastKnownFileType = text.xcconfig; name = "Pods-ContactListPicpayTests.debug.xcconfig"; path = "Target Support Files/Pods-ContactListPicpayTests/Pods-ContactListPicpayTests.debug.xcconfig"; sourceTree = "<group>"; };
		8D355B2C0EB4689AA409752B /* Pods_ContactListPicpay_ContactListPicpayUITests.framework */ = {isa = PBXFileReference; explicitFileType = wrapper.framework; includeInIndex = 0; path = Pods_ContactListPicpay_ContactListPicpayUITests.framework; sourceTree = BUILT_PRODUCTS_DIR; };
		9E34FD93E3CDDA95891D8DB6 /* Pods-ContactListPicpay.release.xcconfig */ = {isa = PBXFileReference; includeInIndex = 1; lastKnownFileType = text.xcconfig; name = "Pods-ContactListPicpay.release.xcconfig"; path = "Target Support Files/Pods-ContactListPicpay/Pods-ContactListPicpay.release.xcconfig"; sourceTree = "<group>"; };
		A56A629219AAFE6F0A36660F /* Pods_ContactListPicpayTests.framework */ = {isa = PBXFileReference; explicitFileType = wrapper.framework; includeInIndex = 0; path = Pods_ContactListPicpayTests.framework; sourceTree = BUILT_PRODUCTS_DIR; };
		A9FB80C4CA3542719488BB01 /* Pods-ContactListPicpay.debug.xcconfig */ = {isa = PBXFileReference; includeInIndex = 1; lastKnownFileType = text.xcconfig; name = "Pods-ContactListPicpay.debug.xcconfig"; path = "Target Support Files/Pods-ContactListPicpay/Pods-ContactListPicpay.debug.xcconfig"; sourceTree = "<group>"; };
		CD7DC02D9354CCE199EC0948 /* Pods-ContactListPicpay-ContactListPicpayUITests.release.xcconfig */ = {isa = PBXFileReference; includeInIndex = 1; lastKnownFileType = text.xcconfig; name = "Pods-ContactListPicpay-ContactListPicpayUITests.release.xcconfig"; path = "Target Support Files/Pods-ContactListPicpay-ContactListPicpayUITests/Pods-ContactListPicpay-ContactListPicpayUITests.release.xcconfig"; sourceTree = "<group>"; };
/* End PBXFileReference section */

/* Begin PBXFrameworksBuildPhase section */
		13FA81BA2874D45800E77A25 /* Frameworks */ = {
			isa = PBXFrameworksBuildPhase;
			buildActionMask = 2147483647;
			files = (
				1126FBF8709B07154936473C /* Pods_ContactListPicpay.framework in Frameworks */,
			);
			runOnlyForDeploymentPostprocessing = 0;
		};
		13FA81D02874D45D00E77A25 /* Frameworks */ = {
			isa = PBXFrameworksBuildPhase;
			buildActionMask = 2147483647;
			files = (
				4E0478D82DE7172C1A4F3244 /* Pods_ContactListPicpayTests.framework in Frameworks */,
			);
			runOnlyForDeploymentPostprocessing = 0;
		};
		13FA81DA2874D45D00E77A25 /* Frameworks */ = {
			isa = PBXFrameworksBuildPhase;
			buildActionMask = 2147483647;
			files = (
				A7B360348FA9E0B6CB3974F1 /* Pods_ContactListPicpay_ContactListPicpayUITests.framework in Frameworks */,
			);
			runOnlyForDeploymentPostprocessing = 0;
		};
/* End PBXFrameworksBuildPhase section */

/* Begin PBXGroup section */
		137F8CE328D4F1FB003A5AA0 /* Model */ = {
			isa = PBXGroup;
			children = (
				137F8CE428D4F225003A5AA0 /* ContactsModel.swift */,
			);
			path = Model;
			sourceTree = "<group>";
		};
		13906E9B28E5C33D00C853BE /* Model */ = {
			isa = PBXGroup;
			children = (
				13906E9E28E771E600C853BE /* ContactsInformationModel.swift */,
			);
			path = Model;
			sourceTree = "<group>";
		};
		13906EA428EDF9DC00C853BE /* View */ = {
			isa = PBXGroup;
			children = (
				13F7265C28A18EA900F71262 /* ContactListViewController.swift */,
			);
			path = View;
			sourceTree = "<group>";
		};
		13906EA528EDFA3C00C853BE /* View */ = {
			isa = PBXGroup;
			children = (
				1397FE3028DA344C002C6268 /* DetailScreenViewController.swift */,
			);
			path = View;
			sourceTree = "<group>";
		};
		13906EA628EDFAC600C853BE /* Services */ = {
			isa = PBXGroup;
			children = (
				13906EA228EC705300C853BE /* DetailService.swift */,
			);
			path = Services;
			sourceTree = "<group>";
		};
		13906EA728EDFADE00C853BE /* Cells */ = {
			isa = PBXGroup;
			children = (
				13906E9928E4892100C853BE /* DetailTableViewCell.swift */,
			);
			path = Cells;
			sourceTree = "<group>";
		};
		13906EA828F5A5A900C853BE /* Helpers */ = {
			isa = PBXGroup;
			children = (
				13906EA928F5A5F000C853BE /* UIImageView+Extension.swift */,
			);
			path = Helpers;
			sourceTree = "<group>";
		};
		13906EAB290186EF00C853BE /* AddContacts */ = {
			isa = PBXGroup;
			children = (
				13906EB12911479100C853BE /* Services */,
				13906EAC2901885C00C853BE /* View */,
			);
			path = AddContacts;
			sourceTree = "<group>";
		};
		13906EAC2901885C00C853BE /* View */ = {
			isa = PBXGroup;
			children = (
				13906EAD2901888600C853BE /* AddContactsViewController.swift */,
			);
			path = View;
			sourceTree = "<group>";
		};
		13906EB12911479100C853BE /* Services */ = {
			isa = PBXGroup;
			children = (
				13906EB2291147B700C853BE /* AddContactsService.swift */,
			);
			path = Services;
			sourceTree = "<group>";
		};
		1397FE2F28DA340C002C6268 /* Detail */ = {
			isa = PBXGroup;
			children = (
				13906EA528EDFA3C00C853BE /* View */,
				13906EA728EDFADE00C853BE /* Cells */,
				13906EA628EDFAC600C853BE /* Services */,
				13906E9B28E5C33D00C853BE /* Model */,
			);
			path = Detail;
			sourceTree = "<group>";
		};
		13CEBAD528B7E591008C0FEE /* Services */ = {
			isa = PBXGroup;
			children = (
				13CEBAD628B7E61A008C0FEE /* ContactService.swift */,
			);
			path = Services;
			sourceTree = "<group>";
		};
		13FA81B42874D45800E77A25 = {
			isa = PBXGroup;
			children = (
				13FA81BF2874D45800E77A25 /* ContactListPicpay */,
				13FA81D62874D45D00E77A25 /* ContactListPicpayTests */,
				13FA81E02874D45D00E77A25 /* ContactListPicpayUITests */,
				13FA81BE2874D45800E77A25 /* Products */,
				7114025284C6D6BCFF09A99C /* Pods */,
				3DFA2090250CF977B9EE9039 /* Frameworks */,
			);
			sourceTree = "<group>";
		};
		13FA81BE2874D45800E77A25 /* Products */ = {
			isa = PBXGroup;
			children = (
				13FA81BD2874D45800E77A25 /* ContactListPicpay.app */,
				13FA81D32874D45D00E77A25 /* ContactListPicpayTests.xctest */,
				13FA81DD2874D45D00E77A25 /* ContactListPicpayUITests.xctest */,
			);
			name = Products;
			sourceTree = "<group>";
		};
		13FA81BF2874D45800E77A25 /* ContactListPicpay */ = {
			isa = PBXGroup;
			children = (
				2EAB98F7289AF80400B31E7B /* Application */,
				2EAB98F4289AF7F700B31E7B /* Resources */,
				2EAB98FF289AF82300B31E7B /* Sources */,
				13FA81CE2874D45D00E77A25 /* Info.plist */,
			);
			path = ContactListPicpay;
			sourceTree = "<group>";
		};
		13FA81D62874D45D00E77A25 /* ContactListPicpayTests */ = {
			isa = PBXGroup;
			children = (
				13FA81D72874D45D00E77A25 /* ContactListPicpayTests.swift */,
			);
			path = ContactListPicpayTests;
			sourceTree = "<group>";
		};
		13FA81E02874D45D00E77A25 /* ContactListPicpayUITests */ = {
			isa = PBXGroup;
			children = (
				13FA81E12874D45D00E77A25 /* ContactListPicpayUITests.swift */,
				13FA81E32874D45D00E77A25 /* ContactListPicpayUITestsLaunchTests.swift */,
			);
			path = ContactListPicpayUITests;
			sourceTree = "<group>";
		};
		2EAB98F4289AF7F700B31E7B /* Resources */ = {
			isa = PBXGroup;
			children = (
				2EAB98F5289AF7F700B31E7B /* Assets.xcassets */,
			);
			path = Resources;
			sourceTree = "<group>";
		};
		2EAB98F7289AF80400B31E7B /* Application */ = {
			isa = PBXGroup;
			children = (
				2EAB98F8289AF80400B31E7B /* LaunchScreen.storyboard */,
				2EAB98FA289AF80400B31E7B /* AppDelegate.swift */,
				2EAB98FB289AF80400B31E7B /* SceneDelegate.swift */,
			);
			path = Application;
			sourceTree = "<group>";
		};
		2EAB98FF289AF82300B31E7B /* Sources */ = {
			isa = PBXGroup;
			children = (
				13906EA828F5A5A900C853BE /* Helpers */,
				13906EAB290186EF00C853BE /* AddContacts */,
				1397FE2F28DA340C002C6268 /* Detail */,
				2EAB9900289AF82300B31E7B /* List Contacts */,
				2EAB9904289AF82300B31E7B /* Loading */,
				2EAB9907289AF82300B31E7B /* Error */,
			);
			path = Sources;
			sourceTree = "<group>";
		};
		2EAB9900289AF82300B31E7B /* List Contacts */ = {
			isa = PBXGroup;
			children = (
				13906EA428EDF9DC00C853BE /* View */,
				2EAB9901289AF82300B31E7B /* Cells */,
				13CEBAD528B7E591008C0FEE /* Services */,
				137F8CE328D4F1FB003A5AA0 /* Model */,
			);
			path = "List Contacts";
			sourceTree = "<group>";
		};
		2EAB9901289AF82300B31E7B /* Cells */ = {
			isa = PBXGroup;
			children = (
				13F7265E28A2DE9200F71262 /* ContactCell.swift */,
			);
			path = Cells;
			sourceTree = "<group>";
		};
		2EAB9904289AF82300B31E7B /* Loading */ = {
			isa = PBXGroup;
			children = (
				2EAB9905289AF82300B31E7B /* View */,
			);
			path = Loading;
			sourceTree = "<group>";
		};
		2EAB9905289AF82300B31E7B /* View */ = {
			isa = PBXGroup;
			children = (
				2EAB9906289AF82300B31E7B /* LoadingViewContoller.swift */,
			);
			path = View;
			sourceTree = "<group>";
		};
		2EAB9907289AF82300B31E7B /* Error */ = {
			isa = PBXGroup;
			children = (
				2EAB9909289AF82300B31E7B /* View */,
			);
			path = Error;
			sourceTree = "<group>";
		};
		2EAB9909289AF82300B31E7B /* View */ = {
			isa = PBXGroup;
			children = (
				2EAB9908289AF82300B31E7B /* ErrorViewController.swift */,
			);
			path = View;
			sourceTree = "<group>";
		};
		3DFA2090250CF977B9EE9039 /* Frameworks */ = {
			isa = PBXGroup;
			children = (
				7B8C9F28CA31A32A0C5D456B /* Pods_ContactListPicpay.framework */,
				8D355B2C0EB4689AA409752B /* Pods_ContactListPicpay_ContactListPicpayUITests.framework */,
				A56A629219AAFE6F0A36660F /* Pods_ContactListPicpayTests.framework */,
			);
			name = Frameworks;
			sourceTree = "<group>";
		};
		7114025284C6D6BCFF09A99C /* Pods */ = {
			isa = PBXGroup;
			children = (
				A9FB80C4CA3542719488BB01 /* Pods-ContactListPicpay.debug.xcconfig */,
				9E34FD93E3CDDA95891D8DB6 /* Pods-ContactListPicpay.release.xcconfig */,
				762530C3899CAC73AD5D40EF /* Pods-ContactListPicpay-ContactListPicpayUITests.debug.xcconfig */,
				CD7DC02D9354CCE199EC0948 /* Pods-ContactListPicpay-ContactListPicpayUITests.release.xcconfig */,
				832E5A3D8B3130E791FEFA36 /* Pods-ContactListPicpayTests.debug.xcconfig */,
				154DF545B06A6F298FA4B36D /* Pods-ContactListPicpayTests.release.xcconfig */,
			);
			path = Pods;
			sourceTree = "<group>";
		};
/* End PBXGroup section */

/* Begin PBXNativeTarget section */
		13FA81BC2874D45800E77A25 /* ContactListPicpay */ = {
			isa = PBXNativeTarget;
			buildConfigurationList = 13FA81E72874D45D00E77A25 /* Build configuration list for PBXNativeTarget "ContactListPicpay" */;
			buildPhases = (
				C685CC9993DCA5075457EBE3 /* [CP] Check Pods Manifest.lock */,
				13FA81B92874D45800E77A25 /* Sources */,
				13FA81BA2874D45800E77A25 /* Frameworks */,
				13FA81BB2874D45800E77A25 /* Resources */,
				71E62153D20474DC449F25AB /* [CP] Embed Pods Frameworks */,
			);
			buildRules = (
			);
			dependencies = (
			);
			name = ContactListPicpay;
			productName = ContactListPicpay;
			productReference = 13FA81BD2874D45800E77A25 /* ContactListPicpay.app */;
			productType = "com.apple.product-type.application";
		};
		13FA81D22874D45D00E77A25 /* ContactListPicpayTests */ = {
			isa = PBXNativeTarget;
			buildConfigurationList = 13FA81EA2874D45D00E77A25 /* Build configuration list for PBXNativeTarget "ContactListPicpayTests" */;
			buildPhases = (
				B0D2E302AD09F39368ABA205 /* [CP] Check Pods Manifest.lock */,
				13FA81CF2874D45D00E77A25 /* Sources */,
				13FA81D02874D45D00E77A25 /* Frameworks */,
				13FA81D12874D45D00E77A25 /* Resources */,
			);
			buildRules = (
			);
			dependencies = (
				13FA81D52874D45D00E77A25 /* PBXTargetDependency */,
			);
			name = ContactListPicpayTests;
			productName = ContactListPicpayTests;
			productReference = 13FA81D32874D45D00E77A25 /* ContactListPicpayTests.xctest */;
			productType = "com.apple.product-type.bundle.unit-test";
		};
		13FA81DC2874D45D00E77A25 /* ContactListPicpayUITests */ = {
			isa = PBXNativeTarget;
			buildConfigurationList = 13FA81ED2874D45D00E77A25 /* Build configuration list for PBXNativeTarget "ContactListPicpayUITests" */;
			buildPhases = (
				A6B1216BA9590E24D7964D16 /* [CP] Check Pods Manifest.lock */,
				13FA81D92874D45D00E77A25 /* Sources */,
				13FA81DA2874D45D00E77A25 /* Frameworks */,
				13FA81DB2874D45D00E77A25 /* Resources */,
				0DE93D469D904D1400727439 /* [CP] Embed Pods Frameworks */,
			);
			buildRules = (
			);
			dependencies = (
				13FA81DF2874D45D00E77A25 /* PBXTargetDependency */,
			);
			name = ContactListPicpayUITests;
			productName = ContactListPicpayUITests;
			productReference = 13FA81DD2874D45D00E77A25 /* ContactListPicpayUITests.xctest */;
			productType = "com.apple.product-type.bundle.ui-testing";
		};
/* End PBXNativeTarget section */

/* Begin PBXProject section */
		13FA81B52874D45800E77A25 /* Project object */ = {
			isa = PBXProject;
			attributes = {
				BuildIndependentTargetsInParallel = 1;
				LastSwiftUpdateCheck = 1340;
				LastUpgradeCheck = 1340;
				TargetAttributes = {
					13FA81BC2874D45800E77A25 = {
						CreatedOnToolsVersion = 13.4.1;
					};
					13FA81D22874D45D00E77A25 = {
						CreatedOnToolsVersion = 13.4.1;
						TestTargetID = 13FA81BC2874D45800E77A25;
					};
					13FA81DC2874D45D00E77A25 = {
						CreatedOnToolsVersion = 13.4.1;
						TestTargetID = 13FA81BC2874D45800E77A25;
					};
				};
			};
			buildConfigurationList = 13FA81B82874D45800E77A25 /* Build configuration list for PBXProject "ContactListPicpay" */;
			compatibilityVersion = "Xcode 13.0";
			developmentRegion = en;
			hasScannedForEncodings = 0;
			knownRegions = (
				en,
				Base,
			);
			mainGroup = 13FA81B42874D45800E77A25;
			productRefGroup = 13FA81BE2874D45800E77A25 /* Products */;
			projectDirPath = "";
			projectRoot = "";
			targets = (
				13FA81BC2874D45800E77A25 /* ContactListPicpay */,
				13FA81D22874D45D00E77A25 /* ContactListPicpayTests */,
				13FA81DC2874D45D00E77A25 /* ContactListPicpayUITests */,
			);
		};
/* End PBXProject section */

/* Begin PBXResourcesBuildPhase section */
		13FA81BB2874D45800E77A25 /* Resources */ = {
			isa = PBXResourcesBuildPhase;
			buildActionMask = 2147483647;
			files = (
				2EAB98FC289AF80400B31E7B /* LaunchScreen.storyboard in Resources */,
				2EAB98F6289AF7F700B31E7B /* Assets.xcassets in Resources */,
			);
			runOnlyForDeploymentPostprocessing = 0;
		};
		13FA81D12874D45D00E77A25 /* Resources */ = {
			isa = PBXResourcesBuildPhase;
			buildActionMask = 2147483647;
			files = (
			);
			runOnlyForDeploymentPostprocessing = 0;
		};
		13FA81DB2874D45D00E77A25 /* Resources */ = {
			isa = PBXResourcesBuildPhase;
			buildActionMask = 2147483647;
			files = (
			);
			runOnlyForDeploymentPostprocessing = 0;
		};
/* End PBXResourcesBuildPhase section */

/* Begin PBXShellScriptBuildPhase section */
		0DE93D469D904D1400727439 /* [CP] Embed Pods Frameworks */ = {
			isa = PBXShellScriptBuildPhase;
			buildActionMask = 2147483647;
			files = (
			);
			inputFileListPaths = (
				"${PODS_ROOT}/Target Support Files/Pods-ContactListPicpay-ContactListPicpayUITests/Pods-ContactListPicpay-ContactListPicpayUITests-frameworks-${CONFIGURATION}-input-files.xcfilelist",
			);
			name = "[CP] Embed Pods Frameworks";
			outputFileListPaths = (
				"${PODS_ROOT}/Target Support Files/Pods-ContactListPicpay-ContactListPicpayUITests/Pods-ContactListPicpay-ContactListPicpayUITests-frameworks-${CONFIGURATION}-output-files.xcfilelist",
			);
			runOnlyForDeploymentPostprocessing = 0;
			shellPath = /bin/sh;
			shellScript = "\"${PODS_ROOT}/Target Support Files/Pods-ContactListPicpay-ContactListPicpayUITests/Pods-ContactListPicpay-ContactListPicpayUITests-frameworks.sh\"\n";
			showEnvVarsInLog = 0;
		};
		71E62153D20474DC449F25AB /* [CP] Embed Pods Frameworks */ = {
			isa = PBXShellScriptBuildPhase;
			buildActionMask = 2147483647;
			files = (
			);
			inputFileListPaths = (
				"${PODS_ROOT}/Target Support Files/Pods-ContactListPicpay/Pods-ContactListPicpay-frameworks-${CONFIGURATION}-input-files.xcfilelist",
			);
			name = "[CP] Embed Pods Frameworks";
			outputFileListPaths = (
				"${PODS_ROOT}/Target Support Files/Pods-ContactListPicpay/Pods-ContactListPicpay-frameworks-${CONFIGURATION}-output-files.xcfilelist",
			);
			runOnlyForDeploymentPostprocessing = 0;
			shellPath = /bin/sh;
			shellScript = "\"${PODS_ROOT}/Target Support Files/Pods-ContactListPicpay/Pods-ContactListPicpay-frameworks.sh\"\n";
			showEnvVarsInLog = 0;
		};
		A6B1216BA9590E24D7964D16 /* [CP] Check Pods Manifest.lock */ = {
			isa = PBXShellScriptBuildPhase;
			buildActionMask = 2147483647;
			files = (
			);
			inputFileListPaths = (
			);
			inputPaths = (
				"${PODS_PODFILE_DIR_PATH}/Podfile.lock",
				"${PODS_ROOT}/Manifest.lock",
			);
			name = "[CP] Check Pods Manifest.lock";
			outputFileListPaths = (
			);
			outputPaths = (
				"$(DERIVED_FILE_DIR)/Pods-ContactListPicpay-ContactListPicpayUITests-checkManifestLockResult.txt",
			);
			runOnlyForDeploymentPostprocessing = 0;
			shellPath = /bin/sh;
			shellScript = "diff \"${PODS_PODFILE_DIR_PATH}/Podfile.lock\" \"${PODS_ROOT}/Manifest.lock\" > /dev/null\nif [ $? != 0 ] ; then\n    # print error to STDERR\n    echo \"error: The sandbox is not in sync with the Podfile.lock. Run 'pod install' or update your CocoaPods installation.\" >&2\n    exit 1\nfi\n# This output is used by Xcode 'outputs' to avoid re-running this script phase.\necho \"SUCCESS\" > \"${SCRIPT_OUTPUT_FILE_0}\"\n";
			showEnvVarsInLog = 0;
		};
		B0D2E302AD09F39368ABA205 /* [CP] Check Pods Manifest.lock */ = {
			isa = PBXShellScriptBuildPhase;
			buildActionMask = 2147483647;
			files = (
			);
			inputFileListPaths = (
			);
			inputPaths = (
				"${PODS_PODFILE_DIR_PATH}/Podfile.lock",
				"${PODS_ROOT}/Manifest.lock",
			);
			name = "[CP] Check Pods Manifest.lock";
			outputFileListPaths = (
			);
			outputPaths = (
				"$(DERIVED_FILE_DIR)/Pods-ContactListPicpayTests-checkManifestLockResult.txt",
			);
			runOnlyForDeploymentPostprocessing = 0;
			shellPath = /bin/sh;
			shellScript = "diff \"${PODS_PODFILE_DIR_PATH}/Podfile.lock\" \"${PODS_ROOT}/Manifest.lock\" > /dev/null\nif [ $? != 0 ] ; then\n    # print error to STDERR\n    echo \"error: The sandbox is not in sync with the Podfile.lock. Run 'pod install' or update your CocoaPods installation.\" >&2\n    exit 1\nfi\n# This output is used by Xcode 'outputs' to avoid re-running this script phase.\necho \"SUCCESS\" > \"${SCRIPT_OUTPUT_FILE_0}\"\n";
			showEnvVarsInLog = 0;
		};
		C685CC9993DCA5075457EBE3 /* [CP] Check Pods Manifest.lock */ = {
			isa = PBXShellScriptBuildPhase;
			buildActionMask = 2147483647;
			files = (
			);
			inputFileListPaths = (
			);
			inputPaths = (
				"${PODS_PODFILE_DIR_PATH}/Podfile.lock",
				"${PODS_ROOT}/Manifest.lock",
			);
			name = "[CP] Check Pods Manifest.lock";
			outputFileListPaths = (
			);
			outputPaths = (
				"$(DERIVED_FILE_DIR)/Pods-ContactListPicpay-checkManifestLockResult.txt",
			);
			runOnlyForDeploymentPostprocessing = 0;
			shellPath = /bin/sh;
			shellScript = "diff \"${PODS_PODFILE_DIR_PATH}/Podfile.lock\" \"${PODS_ROOT}/Manifest.lock\" > /dev/null\nif [ $? != 0 ] ; then\n    # print error to STDERR\n    echo \"error: The sandbox is not in sync with the Podfile.lock. Run 'pod install' or update your CocoaPods installation.\" >&2\n    exit 1\nfi\n# This output is used by Xcode 'outputs' to avoid re-running this script phase.\necho \"SUCCESS\" > \"${SCRIPT_OUTPUT_FILE_0}\"\n";
			showEnvVarsInLog = 0;
		};
/* End PBXShellScriptBuildPhase section */

/* Begin PBXSourcesBuildPhase section */
		13FA81B92874D45800E77A25 /* Sources */ = {
			isa = PBXSourcesBuildPhase;
			buildActionMask = 2147483647;
			files = (
				13F7265F28A2DE9200F71262 /* ContactCell.swift in Sources */,
				13906EAE2901888600C853BE /* AddContactsViewController.swift in Sources */,
				13906EAA28F5A5F000C853BE /* UIImageView+Extension.swift in Sources */,
				13F7265D28A18EA900F71262 /* ContactListViewController.swift in Sources */,
				2EAB990D289AF82300B31E7B /* ErrorViewController.swift in Sources */,
				13CEBAD728B7E61A008C0FEE /* ContactService.swift in Sources */,
				2EAB990C289AF82300B31E7B /* LoadingViewContoller.swift in Sources */,
				13906E9A28E4892100C853BE /* DetailTableViewCell.swift in Sources */,
				2EAB98FD289AF80400B31E7B /* AppDelegate.swift in Sources */,
				13906EA328EC705300C853BE /* DetailService.swift in Sources */,
				1397FE3128DA344C002C6268 /* DetailScreenViewController.swift in Sources */,
				13906EB3291147B700C853BE /* AddContactsService.swift in Sources */,
				137F8CE528D4F225003A5AA0 /* ContactsModel.swift in Sources */,
				13906E9F28E771E600C853BE /* ContactsInformationModel.swift in Sources */,
				2EAB98FE289AF80400B31E7B /* SceneDelegate.swift in Sources */,
			);
			runOnlyForDeploymentPostprocessing = 0;
		};
		13FA81CF2874D45D00E77A25 /* Sources */ = {
			isa = PBXSourcesBuildPhase;
			buildActionMask = 2147483647;
			files = (
				13FA81D82874D45D00E77A25 /* ContactListPicpayTests.swift in Sources */,
			);
			runOnlyForDeploymentPostprocessing = 0;
		};
		13FA81D92874D45D00E77A25 /* Sources */ = {
			isa = PBXSourcesBuildPhase;
			buildActionMask = 2147483647;
			files = (
				13FA81E22874D45D00E77A25 /* ContactListPicpayUITests.swift in Sources */,
				13FA81E42874D45D00E77A25 /* ContactListPicpayUITestsLaunchTests.swift in Sources */,
			);
			runOnlyForDeploymentPostprocessing = 0;
		};
/* End PBXSourcesBuildPhase section */

/* Begin PBXTargetDependency section */
		13FA81D52874D45D00E77A25 /* PBXTargetDependency */ = {
			isa = PBXTargetDependency;
			target = 13FA81BC2874D45800E77A25 /* ContactListPicpay */;
			targetProxy = 13FA81D42874D45D00E77A25 /* PBXContainerItemProxy */;
		};
		13FA81DF2874D45D00E77A25 /* PBXTargetDependency */ = {
			isa = PBXTargetDependency;
			target = 13FA81BC2874D45800E77A25 /* ContactListPicpay */;
			targetProxy = 13FA81DE2874D45D00E77A25 /* PBXContainerItemProxy */;
		};
/* End PBXTargetDependency section */

/* Begin PBXVariantGroup section */
		2EAB98F8289AF80400B31E7B /* LaunchScreen.storyboard */ = {
			isa = PBXVariantGroup;
			children = (
				2EAB98F9289AF80400B31E7B /* Base */,
			);
			name = LaunchScreen.storyboard;
			sourceTree = "<group>";
		};
/* End PBXVariantGroup section */

/* Begin XCBuildConfiguration section */
		13FA81E52874D45D00E77A25 /* Debug */ = {
			isa = XCBuildConfiguration;
			buildSettings = {
				ALWAYS_SEARCH_USER_PATHS = NO;
				CLANG_ANALYZER_NONNULL = YES;
				CLANG_ANALYZER_NUMBER_OBJECT_CONVERSION = YES_AGGRESSIVE;
				CLANG_CXX_LANGUAGE_STANDARD = "gnu++17";
				CLANG_ENABLE_MODULES = YES;
				CLANG_ENABLE_OBJC_ARC = YES;
				CLANG_ENABLE_OBJC_WEAK = YES;
				CLANG_WARN_BLOCK_CAPTURE_AUTORELEASING = YES;
				CLANG_WARN_BOOL_CONVERSION = YES;
				CLANG_WARN_COMMA = YES;
				CLANG_WARN_CONSTANT_CONVERSION = YES;
				CLANG_WARN_DEPRECATED_OBJC_IMPLEMENTATIONS = YES;
				CLANG_WARN_DIRECT_OBJC_ISA_USAGE = YES_ERROR;
				CLANG_WARN_DOCUMENTATION_COMMENTS = YES;
				CLANG_WARN_EMPTY_BODY = YES;
				CLANG_WARN_ENUM_CONVERSION = YES;
				CLANG_WARN_INFINITE_RECURSION = YES;
				CLANG_WARN_INT_CONVERSION = YES;
				CLANG_WARN_NON_LITERAL_NULL_CONVERSION = YES;
				CLANG_WARN_OBJC_IMPLICIT_RETAIN_SELF = YES;
				CLANG_WARN_OBJC_LITERAL_CONVERSION = YES;
				CLANG_WARN_OBJC_ROOT_CLASS = YES_ERROR;
				CLANG_WARN_QUOTED_INCLUDE_IN_FRAMEWORK_HEADER = YES;
				CLANG_WARN_RANGE_LOOP_ANALYSIS = YES;
				CLANG_WARN_STRICT_PROTOTYPES = YES;
				CLANG_WARN_SUSPICIOUS_MOVE = YES;
				CLANG_WARN_UNGUARDED_AVAILABILITY = YES_AGGRESSIVE;
				CLANG_WARN_UNREACHABLE_CODE = YES;
				CLANG_WARN__DUPLICATE_METHOD_MATCH = YES;
				COPY_PHASE_STRIP = NO;
				DEBUG_INFORMATION_FORMAT = dwarf;
				ENABLE_STRICT_OBJC_MSGSEND = YES;
				ENABLE_TESTABILITY = YES;
				GCC_C_LANGUAGE_STANDARD = gnu11;
				GCC_DYNAMIC_NO_PIC = NO;
				GCC_NO_COMMON_BLOCKS = YES;
				GCC_OPTIMIZATION_LEVEL = 0;
				GCC_PREPROCESSOR_DEFINITIONS = (
					"DEBUG=1",
					"$(inherited)",
				);
				GCC_WARN_64_TO_32_BIT_CONVERSION = YES;
				GCC_WARN_ABOUT_RETURN_TYPE = YES_ERROR;
				GCC_WARN_UNDECLARED_SELECTOR = YES;
				GCC_WARN_UNINITIALIZED_AUTOS = YES_AGGRESSIVE;
				GCC_WARN_UNUSED_FUNCTION = YES;
				GCC_WARN_UNUSED_VARIABLE = YES;
				IPHONEOS_DEPLOYMENT_TARGET = 15.5;
				MTL_ENABLE_DEBUG_INFO = INCLUDE_SOURCE;
				MTL_FAST_MATH = YES;
				ONLY_ACTIVE_ARCH = YES;
				SDKROOT = iphoneos;
				SWIFT_ACTIVE_COMPILATION_CONDITIONS = DEBUG;
				SWIFT_OPTIMIZATION_LEVEL = "-Onone";
			};
			name = Debug;
		};
		13FA81E62874D45D00E77A25 /* Release */ = {
			isa = XCBuildConfiguration;
			buildSettings = {
				ALWAYS_SEARCH_USER_PATHS = NO;
				CLANG_ANALYZER_NONNULL = YES;
				CLANG_ANALYZER_NUMBER_OBJECT_CONVERSION = YES_AGGRESSIVE;
				CLANG_CXX_LANGUAGE_STANDARD = "gnu++17";
				CLANG_ENABLE_MODULES = YES;
				CLANG_ENABLE_OBJC_ARC = YES;
				CLANG_ENABLE_OBJC_WEAK = YES;
				CLANG_WARN_BLOCK_CAPTURE_AUTORELEASING = YES;
				CLANG_WARN_BOOL_CONVERSION = YES;
				CLANG_WARN_COMMA = YES;
				CLANG_WARN_CONSTANT_CONVERSION = YES;
				CLANG_WARN_DEPRECATED_OBJC_IMPLEMENTATIONS = YES;
				CLANG_WARN_DIRECT_OBJC_ISA_USAGE = YES_ERROR;
				CLANG_WARN_DOCUMENTATION_COMMENTS = YES;
				CLANG_WARN_EMPTY_BODY = YES;
				CLANG_WARN_ENUM_CONVERSION = YES;
				CLANG_WARN_INFINITE_RECURSION = YES;
				CLANG_WARN_INT_CONVERSION = YES;
				CLANG_WARN_NON_LITERAL_NULL_CONVERSION = YES;
				CLANG_WARN_OBJC_IMPLICIT_RETAIN_SELF = YES;
				CLANG_WARN_OBJC_LITERAL_CONVERSION = YES;
				CLANG_WARN_OBJC_ROOT_CLASS = YES_ERROR;
				CLANG_WARN_QUOTED_INCLUDE_IN_FRAMEWORK_HEADER = YES;
				CLANG_WARN_RANGE_LOOP_ANALYSIS = YES;
				CLANG_WARN_STRICT_PROTOTYPES = YES;
				CLANG_WARN_SUSPICIOUS_MOVE = YES;
				CLANG_WARN_UNGUARDED_AVAILABILITY = YES_AGGRESSIVE;
				CLANG_WARN_UNREACHABLE_CODE = YES;
				CLANG_WARN__DUPLICATE_METHOD_MATCH = YES;
				COPY_PHASE_STRIP = NO;
				DEBUG_INFORMATION_FORMAT = "dwarf-with-dsym";
				ENABLE_NS_ASSERTIONS = NO;
				ENABLE_STRICT_OBJC_MSGSEND = YES;
				GCC_C_LANGUAGE_STANDARD = gnu11;
				GCC_NO_COMMON_BLOCKS = YES;
				GCC_WARN_64_TO_32_BIT_CONVERSION = YES;
				GCC_WARN_ABOUT_RETURN_TYPE = YES_ERROR;
				GCC_WARN_UNDECLARED_SELECTOR = YES;
				GCC_WARN_UNINITIALIZED_AUTOS = YES_AGGRESSIVE;
				GCC_WARN_UNUSED_FUNCTION = YES;
				GCC_WARN_UNUSED_VARIABLE = YES;
				IPHONEOS_DEPLOYMENT_TARGET = 15.5;
				MTL_ENABLE_DEBUG_INFO = NO;
				MTL_FAST_MATH = YES;
				SDKROOT = iphoneos;
				SWIFT_COMPILATION_MODE = wholemodule;
				SWIFT_OPTIMIZATION_LEVEL = "-O";
				VALIDATE_PRODUCT = YES;
			};
			name = Release;
		};
		13FA81E82874D45D00E77A25 /* Debug */ = {
			isa = XCBuildConfiguration;
			baseConfigurationReference = A9FB80C4CA3542719488BB01 /* Pods-ContactListPicpay.debug.xcconfig */;
			buildSettings = {
				ASSETCATALOG_COMPILER_APPICON_NAME = AppIcon;
				ASSETCATALOG_COMPILER_GLOBAL_ACCENT_COLOR_NAME = AccentColor;
				CODE_SIGN_STYLE = Automatic;
				CURRENT_PROJECT_VERSION = 1;
				GENERATE_INFOPLIST_FILE = YES;
				INFOPLIST_FILE = ContactListPicpay/Info.plist;
				INFOPLIST_KEY_UIApplicationSupportsIndirectInputEvents = YES;
				INFOPLIST_KEY_UILaunchStoryboardName = LaunchScreen;
				INFOPLIST_KEY_UISupportedInterfaceOrientations_iPad = "UIInterfaceOrientationPortrait UIInterfaceOrientationPortraitUpsideDown UIInterfaceOrientationLandscapeLeft UIInterfaceOrientationLandscapeRight";
				INFOPLIST_KEY_UISupportedInterfaceOrientations_iPhone = "UIInterfaceOrientationPortrait UIInterfaceOrientationLandscapeLeft UIInterfaceOrientationLandscapeRight";
				IPHONEOS_DEPLOYMENT_TARGET = 13.0;
				LD_RUNPATH_SEARCH_PATHS = (
					"$(inherited)",
					"@executable_path/Frameworks",
				);
				MARKETING_VERSION = 1.0;
				PRODUCT_BUNDLE_IDENTIFIER = br.picpay.ContactListPicpay;
				PRODUCT_NAME = "$(TARGET_NAME)";
				SWIFT_EMIT_LOC_STRINGS = YES;
				SWIFT_VERSION = 5.0;
				TARGETED_DEVICE_FAMILY = "1,2";
			};
			name = Debug;
		};
		13FA81E92874D45D00E77A25 /* Release */ = {
			isa = XCBuildConfiguration;
			baseConfigurationReference = 9E34FD93E3CDDA95891D8DB6 /* Pods-ContactListPicpay.release.xcconfig */;
			buildSettings = {
				ASSETCATALOG_COMPILER_APPICON_NAME = AppIcon;
				ASSETCATALOG_COMPILER_GLOBAL_ACCENT_COLOR_NAME = AccentColor;
				CODE_SIGN_STYLE = Automatic;
				CURRENT_PROJECT_VERSION = 1;
				GENERATE_INFOPLIST_FILE = YES;
				INFOPLIST_FILE = ContactListPicpay/Info.plist;
				INFOPLIST_KEY_UIApplicationSupportsIndirectInputEvents = YES;
				INFOPLIST_KEY_UILaunchStoryboardName = LaunchScreen;
				INFOPLIST_KEY_UISupportedInterfaceOrientations_iPad = "UIInterfaceOrientationPortrait UIInterfaceOrientationPortraitUpsideDown UIInterfaceOrientationLandscapeLeft UIInterfaceOrientationLandscapeRight";
				INFOPLIST_KEY_UISupportedInterfaceOrientations_iPhone = "UIInterfaceOrientationPortrait UIInterfaceOrientationLandscapeLeft UIInterfaceOrientationLandscapeRight";
				IPHONEOS_DEPLOYMENT_TARGET = 13.0;
				LD_RUNPATH_SEARCH_PATHS = (
					"$(inherited)",
					"@executable_path/Frameworks",
				);
				MARKETING_VERSION = 1.0;
				PRODUCT_BUNDLE_IDENTIFIER = br.picpay.ContactListPicpay;
				PRODUCT_NAME = "$(TARGET_NAME)";
				SWIFT_EMIT_LOC_STRINGS = YES;
				SWIFT_VERSION = 5.0;
				TARGETED_DEVICE_FAMILY = "1,2";
			};
			name = Release;
		};
		13FA81EB2874D45D00E77A25 /* Debug */ = {
			isa = XCBuildConfiguration;
			baseConfigurationReference = 832E5A3D8B3130E791FEFA36 /* Pods-ContactListPicpayTests.debug.xcconfig */;
			buildSettings = {
				ALWAYS_EMBED_SWIFT_STANDARD_LIBRARIES = YES;
				BUNDLE_LOADER = "$(TEST_HOST)";
				CODE_SIGN_STYLE = Automatic;
				CURRENT_PROJECT_VERSION = 1;
				GENERATE_INFOPLIST_FILE = YES;
				IPHONEOS_DEPLOYMENT_TARGET = 15.5;
				MARKETING_VERSION = 1.0;
				PRODUCT_BUNDLE_IDENTIFIER = br.picpay.ContactListPicpayTests;
				PRODUCT_NAME = "$(TARGET_NAME)";
				SWIFT_EMIT_LOC_STRINGS = NO;
				SWIFT_VERSION = 5.0;
				TARGETED_DEVICE_FAMILY = "1,2";
				TEST_HOST = "$(BUILT_PRODUCTS_DIR)/ContactListPicpay.app/ContactListPicpay";
			};
			name = Debug;
		};
		13FA81EC2874D45D00E77A25 /* Release */ = {
			isa = XCBuildConfiguration;
			baseConfigurationReference = 154DF545B06A6F298FA4B36D /* Pods-ContactListPicpayTests.release.xcconfig */;
			buildSettings = {
				ALWAYS_EMBED_SWIFT_STANDARD_LIBRARIES = YES;
				BUNDLE_LOADER = "$(TEST_HOST)";
				CODE_SIGN_STYLE = Automatic;
				CURRENT_PROJECT_VERSION = 1;
				GENERATE_INFOPLIST_FILE = YES;
				IPHONEOS_DEPLOYMENT_TARGET = 15.5;
				MARKETING_VERSION = 1.0;
				PRODUCT_BUNDLE_IDENTIFIER = br.picpay.ContactListPicpayTests;
				PRODUCT_NAME = "$(TARGET_NAME)";
				SWIFT_EMIT_LOC_STRINGS = NO;
				SWIFT_VERSION = 5.0;
				TARGETED_DEVICE_FAMILY = "1,2";
				TEST_HOST = "$(BUILT_PRODUCTS_DIR)/ContactListPicpay.app/ContactListPicpay";
			};
			name = Release;
		};
		13FA81EE2874D45D00E77A25 /* Debug */ = {
			isa = XCBuildConfiguration;
			baseConfigurationReference = 762530C3899CAC73AD5D40EF /* Pods-ContactListPicpay-ContactListPicpayUITests.debug.xcconfig */;
			buildSettings = {
				ALWAYS_EMBED_SWIFT_STANDARD_LIBRARIES = YES;
				CODE_SIGN_STYLE = Automatic;
				CURRENT_PROJECT_VERSION = 1;
				GENERATE_INFOPLIST_FILE = YES;
				MARKETING_VERSION = 1.0;
				PRODUCT_BUNDLE_IDENTIFIER = br.picpay.ContactListPicpayUITests;
				PRODUCT_NAME = "$(TARGET_NAME)";
				SWIFT_EMIT_LOC_STRINGS = NO;
				SWIFT_VERSION = 5.0;
				TARGETED_DEVICE_FAMILY = "1,2";
				TEST_TARGET_NAME = ContactListPicpay;
			};
			name = Debug;
		};
		13FA81EF2874D45D00E77A25 /* Release */ = {
			isa = XCBuildConfiguration;
			baseConfigurationReference = CD7DC02D9354CCE199EC0948 /* Pods-ContactListPicpay-ContactListPicpayUITests.release.xcconfig */;
			buildSettings = {
				ALWAYS_EMBED_SWIFT_STANDARD_LIBRARIES = YES;
				CODE_SIGN_STYLE = Automatic;
				CURRENT_PROJECT_VERSION = 1;
				GENERATE_INFOPLIST_FILE = YES;
				MARKETING_VERSION = 1.0;
				PRODUCT_BUNDLE_IDENTIFIER = br.picpay.ContactListPicpayUITests;
				PRODUCT_NAME = "$(TARGET_NAME)";
				SWIFT_EMIT_LOC_STRINGS = NO;
				SWIFT_VERSION = 5.0;
				TARGETED_DEVICE_FAMILY = "1,2";
				TEST_TARGET_NAME = ContactListPicpay;
			};
			name = Release;
		};
/* End XCBuildConfiguration section */

/* Begin XCConfigurationList section */
		13FA81B82874D45800E77A25 /* Build configuration list for PBXProject "ContactListPicpay" */ = {
			isa = XCConfigurationList;
			buildConfigurations = (
				13FA81E52874D45D00E77A25 /* Debug */,
				13FA81E62874D45D00E77A25 /* Release */,
			);
			defaultConfigurationIsVisible = 0;
			defaultConfigurationName = Release;
		};
		13FA81E72874D45D00E77A25 /* Build configuration list for PBXNativeTarget "ContactListPicpay" */ = {
			isa = XCConfigurationList;
			buildConfigurations = (
				13FA81E82874D45D00E77A25 /* Debug */,
				13FA81E92874D45D00E77A25 /* Release */,
			);
			defaultConfigurationIsVisible = 0;
			defaultConfigurationName = Release;
		};
		13FA81EA2874D45D00E77A25 /* Build configuration list for PBXNativeTarget "ContactListPicpayTests" */ = {
			isa = XCConfigurationList;
			buildConfigurations = (
				13FA81EB2874D45D00E77A25 /* Debug */,
				13FA81EC2874D45D00E77A25 /* Release */,
			);
			defaultConfigurationIsVisible = 0;
			defaultConfigurationName = Release;
		};
		13FA81ED2874D45D00E77A25 /* Build configuration list for PBXNativeTarget "ContactListPicpayUITests" */ = {
			isa = XCConfigurationList;
			buildConfigurations = (
				13FA81EE2874D45D00E77A25 /* Debug */,
				13FA81EF2874D45D00E77A25 /* Release */,
			);
			defaultConfigurationIsVisible = 0;
			defaultConfigurationName = Release;
		};
/* End XCConfigurationList section */
	};
	rootObject = 13FA81B52874D45800E77A25 /* Project object */;
}
